// !$*UTF8*$!
{
	archiveVersion = 1;
	classes = {
	};
	objectVersion = 46;
	objects = {

/* Begin PBXBuildFile section */
		B22087EE1F5B1347001D95FA /* AppDelegate.swift in Sources */ = {isa = PBXBuildFile; fileRef = B22087ED1F5B1347001D95FA /* AppDelegate.swift */; };
		B22087F01F5B1347001D95FA /* ViewController.swift in Sources */ = {isa = PBXBuildFile; fileRef = B22087EF1F5B1347001D95FA /* ViewController.swift */; };
		B22087F31F5B1347001D95FA /* Main.storyboard in Resources */ = {isa = PBXBuildFile; fileRef = B22087F11F5B1347001D95FA /* Main.storyboard */; };
		B22087F51F5B1347001D95FA /* Assets.xcassets in Resources */ = {isa = PBXBuildFile; fileRef = B22087F41F5B1347001D95FA /* Assets.xcassets */; };
		B22087F81F5B1347001D95FA /* LaunchScreen.storyboard in Resources */ = {isa = PBXBuildFile; fileRef = B22087F61F5B1347001D95FA /* LaunchScreen.storyboard */; };
		B22088031F5B1348001D95FA /* customTabBarTests.swift in Sources */ = {isa = PBXBuildFile; fileRef = B22088021F5B1348001D95FA /* customTabBarTests.swift */; };
		B220880E1F5B1348001D95FA /* customTabBarUITests.swift in Sources */ = {isa = PBXBuildFile; fileRef = B220880D1F5B1348001D95FA /* customTabBarUITests.swift */; };
/* End PBXBuildFile section */

/* Begin PBXContainerItemProxy section */
		B22087FF1F5B1348001D95FA /* PBXContainerItemProxy */ = {
			isa = PBXContainerItemProxy;
			containerPortal = B22087E21F5B1347001D95FA /* Project object */;
			proxyType = 1;
			remoteGlobalIDString = B22087E91F5B1347001D95FA;
			remoteInfo = customTabBar;
		};
		B220880A1F5B1348001D95FA /* PBXContainerItemProxy */ = {
			isa = PBXContainerItemProxy;
			containerPortal = B22087E21F5B1347001D95FA /* Project object */;
			proxyType = 1;
			remoteGlobalIDString = B22087E91F5B1347001D95FA;
			remoteInfo = customTabBar;
		};
/* End PBXContainerItemProxy section */

/* Begin PBXFileReference section */
		B22087EA1F5B1347001D95FA /* customTabBar.app */ = {isa = PBXFileReference; explicitFileType = wrapper.application; includeInIndex = 0; path = customTabBar.app; sourceTree = BUILT_PRODUCTS_DIR; };
		B22087ED1F5B1347001D95FA /* AppDelegate.swift */ = {isa = PBXFileReference; lastKnownFileType = sourcecode.swift; path = AppDelegate.swift; sourceTree = "<group>"; };
		B22087EF1F5B1347001D95FA /* ViewController.swift */ = {isa = PBXFileReference; lastKnownFileType = sourcecode.swift; path = ViewController.swift; sourceTree = "<group>"; };
		B22087F21F5B1347001D95FA /* Base */ = {isa = PBXFileReference; lastKnownFileType = file.storyboard; name = Base; path = Base.lproj/Main.storyboard; sourceTree = "<group>"; };
		B22087F41F5B1347001D95FA /* Assets.xcassets */ = {isa = PBXFileReference; lastKnownFileType = folder.assetcatalog; path = Assets.xcassets; sourceTree = "<group>"; };
		B22087F71F5B1347001D95FA /* Base */ = {isa = PBXFileReference; lastKnownFileType = file.storyboard; name = Base; path = Base.lproj/LaunchScreen.storyboard; sourceTree = "<group>"; };
		B22087F91F5B1347001D95FA /* Info.plist */ = {isa = PBXFileReference; lastKnownFileType = text.plist.xml; path = Info.plist; sourceTree = "<group>"; };
		B22087FE1F5B1348001D95FA /* customTabBarTests.xctest */ = {isa = PBXFileReference; explicitFileType = wrapper.cfbundle; includeInIndex = 0; path = customTabBarTests.xctest; sourceTree = BUILT_PRODUCTS_DIR; };
		B22088021F5B1348001D95FA /* customTabBarTests.swift */ = {isa = PBXFileReference; lastKnownFileType = sourcecode.swift; path = customTabBarTests.swift; sourceTree = "<group>"; };
		B22088041F5B1348001D95FA /* Info.plist */ = {isa = PBXFileReference; lastKnownFileType = text.plist.xml; path = Info.plist; sourceTree = "<group>"; };
		B22088091F5B1348001D95FA /* customTabBarUITests.xctest */ = {isa = PBXFileReference; explicitFileType = wrapper.cfbundle; includeInIndex = 0; path = customTabBarUITests.xctest; sourceTree = BUILT_PRODUCTS_DIR; };
		B220880D1F5B1348001D95FA /* customTabBarUITests.swift */ = {isa = PBXFileReference; lastKnownFileType = sourcecode.swift; path = customTabBarUITests.swift; sourceTree = "<group>"; };
		B220880F1F5B1348001D95FA /* Info.plist */ = {isa = PBXFileReference; lastKnownFileType = text.plist.xml; path = Info.plist; sourceTree = "<group>"; };
/* End PBXFileReference section */

/* Begin PBXFrameworksBuildPhase section */
		B22087E71F5B1347001D95FA /* Frameworks */ = {
			isa = PBXFrameworksBuildPhase;
			buildActionMask = 2147483647;
			files = (
			);
			runOnlyForDeploymentPostprocessing = 0;
		};
		B22087FB1F5B1348001D95FA /* Frameworks */ = {
			isa = PBXFrameworksBuildPhase;
			buildActionMask = 2147483647;
			files = (
			);
			runOnlyForDeploymentPostprocessing = 0;
		};
		B22088061F5B1348001D95FA /* Frameworks */ = {
			isa = PBXFrameworksBuildPhase;
			buildActionMask = 2147483647;
			files = (
			);
			runOnlyForDeploymentPostprocessing = 0;
		};
/* End PBXFrameworksBuildPhase section */

/* Begin PBXGroup section */
		B22087E11F5B1347001D95FA = {
			isa = PBXGroup;
			children = (
				B22087EC1F5B1347001D95FA /* customTabBar */,
				B22088011F5B1348001D95FA /* customTabBarTests */,
				B220880C1F5B1348001D95FA /* customTabBarUITests */,
				B22087EB1F5B1347001D95FA /* Products */,
			);
			sourceTree = "<group>";
		};
		B22087EB1F5B1347001D95FA /* Products */ = {
			isa = PBXGroup;
			children = (
				B22087EA1F5B1347001D95FA /* customTabBar.app */,
				B22087FE1F5B1348001D95FA /* customTabBarTests.xctest */,
				B22088091F5B1348001D95FA /* customTabBarUITests.xctest */,
			);
			name = Products;
			sourceTree = "<group>";
		};
		B22087EC1F5B1347001D95FA /* customTabBar */ = {
			isa = PBXGroup;
			children = (
				B22087ED1F5B1347001D95FA /* AppDelegate.swift */,
				B22087EF1F5B1347001D95FA /* ViewController.swift */,
				B22087F11F5B1347001D95FA /* Main.storyboard */,
				B22087F41F5B1347001D95FA /* Assets.xcassets */,
				B22087F61F5B1347001D95FA /* LaunchScreen.storyboard */,
				B22087F91F5B1347001D95FA /* Info.plist */,
			);
			path = customTabBar;
			sourceTree = "<group>";
		};
		B22088011F5B1348001D95FA /* customTabBarTests */ = {
			isa = PBXGroup;
			children = (
				B22088021F5B1348001D95FA /* customTabBarTests.swift */,
				B22088041F5B1348001D95FA /* Info.plist */,
			);
			path = customTabBarTests;
			sourceTree = "<group>";
		};
		B220880C1F5B1348001D95FA /* customTabBarUITests */ = {
			isa = PBXGroup;
			children = (
				B220880D1F5B1348001D95FA /* customTabBarUITests.swift */,
				B220880F1F5B1348001D95FA /* Info.plist */,
			);
			path = customTabBarUITests;
			sourceTree = "<group>";
		};
/* End PBXGroup section */

/* Begin PBXNativeTarget section */
		B22087E91F5B1347001D95FA /* customTabBar */ = {
			isa = PBXNativeTarget;
			buildConfigurationList = B22088121F5B1348001D95FA /* Build configuration list for PBXNativeTarget "customTabBar" */;
			buildPhases = (
				B22087E61F5B1347001D95FA /* Sources */,
				B22087E71F5B1347001D95FA /* Frameworks */,
				B22087E81F5B1347001D95FA /* Resources */,
			);
			buildRules = (
			);
			dependencies = (
			);
			name = customTabBar;
			productName = customTabBar;
			productReference = B22087EA1F5B1347001D95FA /* customTabBar.app */;
			productType = "com.apple.product-type.application";
		};
		B22087FD1F5B1348001D95FA /* customTabBarTests */ = {
			isa = PBXNativeTarget;
			buildConfigurationList = B22088151F5B1348001D95FA /* Build configuration list for PBXNativeTarget "customTabBarTests" */;
			buildPhases = (
				B22087FA1F5B1348001D95FA /* Sources */,
				B22087FB1F5B1348001D95FA /* Frameworks */,
				B22087FC1F5B1348001D95FA /* Resources */,
			);
			buildRules = (
			);
			dependencies = (
				B22088001F5B1348001D95FA /* PBXTargetDependency */,
			);
			name = customTabBarTests;
			productName = customTabBarTests;
			productReference = B22087FE1F5B1348001D95FA /* customTabBarTests.xctest */;
			productType = "com.apple.product-type.bundle.unit-test";
		};
		B22088081F5B1348001D95FA /* customTabBarUITests */ = {
			isa = PBXNativeTarget;
			buildConfigurationList = B22088181F5B1348001D95FA /* Build configuration list for PBXNativeTarget "customTabBarUITests" */;
			buildPhases = (
				B22088051F5B1348001D95FA /* Sources */,
				B22088061F5B1348001D95FA /* Frameworks */,
				B22088071F5B1348001D95FA /* Resources */,
			);
			buildRules = (
			);
			dependencies = (
				B220880B1F5B1348001D95FA /* PBXTargetDependency */,
			);
			name = customTabBarUITests;
			productName = customTabBarUITests;
			productReference = B22088091F5B1348001D95FA /* customTabBarUITests.xctest */;
			productType = "com.apple.product-type.bundle.ui-testing";
		};
/* End PBXNativeTarget section */

/* Begin PBXProject section */
		B22087E21F5B1347001D95FA /* Project object */ = {
			isa = PBXProject;
			attributes = {
				LastSwiftUpdateCheck = 0830;
				LastUpgradeCheck = 0830;
				ORGANIZATIONNAME = "Manolescu Mihai Alexandru";
				TargetAttributes = {
					B22087E91F5B1347001D95FA = {
						CreatedOnToolsVersion = 8.3.3;
						DevelopmentTeam = 479S3P29WQ;
						ProvisioningStyle = Automatic;
					};
					B22087FD1F5B1348001D95FA = {
						CreatedOnToolsVersion = 8.3.3;
						DevelopmentTeam = 479S3P29WQ;
						ProvisioningStyle = Automatic;
						TestTargetID = B22087E91F5B1347001D95FA;
					};
					B22088081F5B1348001D95FA = {
						CreatedOnToolsVersion = 8.3.3;
						DevelopmentTeam = 479S3P29WQ;
						ProvisioningStyle = Automatic;
						TestTargetID = B22087E91F5B1347001D95FA;
					};
				};
			};
			buildConfigurationList = B22087E51F5B1347001D95FA /* Build configuration list for PBXProject "customTabBar" */;
			compatibilityVersion = "Xcode 3.2";
			developmentRegion = English;
			hasScannedForEncodings = 0;
			knownRegions = (
				en,
				Base,
			);
			mainGroup = B22087E11F5B1347001D95FA;
			productRefGroup = B22087EB1F5B1347001D95FA /* Products */;
			projectDirPath = "";
			projectRoot = "";
			targets = (
				B22087E91F5B1347001D95FA /* customTabBar */,
				B22087FD1F5B1348001D95FA /* customTabBarTests */,
				B22088081F5B1348001D95FA /* customTabBarUITests */,
			);
		};
/* End PBXProject section */

/* Begin PBXResourcesBuildPhase section */
		B22087E81F5B1347001D95FA /* Resources */ = {
			isa = PBXResourcesBuildPhase;
			buildActionMask = 2147483647;
			files = (
				B22087F81F5B1347001D95FA /* LaunchScreen.storyboard in Resources */,
				B22087F51F5B1347001D95FA /* Assets.xcassets in Resources */,
				B22087F31F5B1347001D95FA /* Main.storyboard in Resources */,
			);
			runOnlyForDeploymentPostprocessing = 0;
		};
		B22087FC1F5B1348001D95FA /* Resources */ = {
			isa = PBXResourcesBuildPhase;
			buildActionMask = 2147483647;
			files = (
			);
			runOnlyForDeploymentPostprocessing = 0;
		};
		B22088071F5B1348001D95FA /* Resources */ = {
			isa = PBXResourcesBuildPhase;
			buildActionMask = 2147483647;
			files = (
			);
			runOnlyForDeploymentPostprocessing = 0;
		};
/* End PBXResourcesBuildPhase section */

/* Begin PBXSourcesBuildPhase section */
		B22087E61F5B1347001D95FA /* Sources */ = {
			isa = PBXSourcesBuildPhase;
			buildActionMask = 2147483647;
			files = (
				B22087F01F5B1347001D95FA /* ViewController.swift in Sources */,
				B22087EE1F5B1347001D95FA /* AppDelegate.swift in Sources */,
			);
			runOnlyForDeploymentPostprocessing = 0;
		};
		B22087FA1F5B1348001D95FA /* Sources */ = {
			isa = PBXSourcesBuildPhase;
			buildActionMask = 2147483647;
			files = (
				B22088031F5B1348001D95FA /* customTabBarTests.swift in Sources */,
			);
			runOnlyForDeploymentPostprocessing = 0;
		};
		B22088051F5B1348001D95FA /* Sources */ = {
			isa = PBXSourcesBuildPhase;
			buildActionMask = 2147483647;
			files = (
				B220880E1F5B1348001D95FA /* customTabBarUITests.swift in Sources */,
			);
			runOnlyForDeploymentPostprocessing = 0;
		};
/* End PBXSourcesBuildPhase section */

/* Begin PBXTargetDependency section */
		B22088001F5B1348001D95FA /* PBXTargetDependency */ = {
			isa = PBXTargetDependency;
			target = B22087E91F5B1347001D95FA /* customTabBar */;
			targetProxy = B22087FF1F5B1348001D95FA /* PBXContainerItemProxy */;
		};
		B220880B1F5B1348001D95FA /* PBXTargetDependency */ = {
			isa = PBXTargetDependency;
			target = B22087E91F5B1347001D95FA /* customTabBar */;
			targetProxy = B220880A1F5B1348001D95FA /* PBXContainerItemProxy */;
		};
/* End PBXTargetDependency section */

/* Begin PBXVariantGroup section */
		B22087F11F5B1347001D95FA /* Main.storyboard */ = {
			isa = PBXVariantGroup;
			children = (
				B22087F21F5B1347001D95FA /* Base */,
			);
			name = Main.storyboard;
			sourceTree = "<group>";
		};
		B22087F61F5B1347001D95FA /* LaunchScreen.storyboard */ = {
			isa = PBXVariantGroup;
			children = (
				B22087F71F5B1347001D95FA /* Base */,
			);
			name = LaunchScreen.storyboard;
			sourceTree = "<group>";
		};
/* End PBXVariantGroup section */

/* Begin XCBuildConfiguration section */
		B22088101F5B1348001D95FA /* Debug */ = {
			isa = XCBuildConfiguration;
			buildSettings = {
				ALWAYS_SEARCH_USER_PATHS = NO;
				CLANG_ANALYZER_NONNULL = YES;
				CLANG_ANALYZER_NUMBER_OBJECT_CONVERSION = YES_AGGRESSIVE;
				CLANG_CXX_LANGUAGE_STANDARD = "gnu++0x";
				CLANG_CXX_LIBRARY = "libc++";
				CLANG_ENABLE_MODULES = YES;
				CLANG_ENABLE_OBJC_ARC = YES;
				CLANG_WARN_BOOL_CONVERSION = YES;
				CLANG_WARN_CONSTANT_CONVERSION = YES;
				CLANG_WARN_DIRECT_OBJC_ISA_USAGE = YES_ERROR;
				CLANG_WARN_DOCUMENTATION_COMMENTS = YES;
				CLANG_WARN_EMPTY_BODY = YES;
				CLANG_WARN_ENUM_CONVERSION = YES;
				CLANG_WARN_INFINITE_RECURSION = YES;
				CLANG_WARN_INT_CONVERSION = YES;
				CLANG_WARN_OBJC_ROOT_CLASS = YES_ERROR;
				CLANG_WARN_SUSPICIOUS_MOVE = YES;
				CLANG_WARN_UNREACHABLE_CODE = YES;
				CLANG_WARN__DUPLICATE_METHOD_MATCH = YES;
				"CODE_SIGN_IDENTITY[sdk=iphoneos*]" = "iPhone Developer";
				COPY_PHASE_STRIP = NO;
				DEBUG_INFORMATION_FORMAT = dwarf;
				ENABLE_STRICT_OBJC_MSGSEND = YES;
				ENABLE_TESTABILITY = YES;
				GCC_C_LANGUAGE_STANDARD = gnu99;
				GCC_DYNAMIC_NO_PIC = NO;
				GCC_NO_COMMON_BLOCKS = YES;
				GCC_OPTIMIZATION_LEVEL = 0;
				GCC_PREPROCESSOR_DEFINITIONS = (
					"DEBUG=1",
					"$(inherited)",
				);
				GCC_WARN_64_TO_32_BIT_CONVERSION = YES;
				GCC_WARN_ABOUT_RETURN_TYPE = YES_ERROR;
				GCC_WARN_UNDECLARED_SELECTOR = YES;
				GCC_WARN_UNINITIALIZED_AUTOS = YES_AGGRESSIVE;
				GCC_WARN_UNUSED_FUNCTION = YES;
				GCC_WARN_UNUSED_VARIABLE = YES;
				IPHONEOS_DEPLOYMENT_TARGET = 10.3;
				MTL_ENABLE_DEBUG_INFO = YES;
				ONLY_ACTIVE_ARCH = YES;
				SDKROOT = iphoneos;
				SWIFT_ACTIVE_COMPILATION_CONDITIONS = DEBUG;
				SWIFT_OPTIMIZATION_LEVEL = "-Onone";
				TARGETED_DEVICE_FAMILY = "1,2";
			};
			name = Debug;
		};
		B22088111F5B1348001D95FA /* Release */ = {
			isa = XCBuildConfiguration;
			buildSettings = {
				ALWAYS_SEARCH_USER_PATHS = NO;
				CLANG_ANALYZER_NONNULL = YES;
				CLANG_ANALYZER_NUMBER_OBJECT_CONVERSION = YES_AGGRESSIVE;
				CLANG_CXX_LANGUAGE_STANDARD = "gnu++0x";
				CLANG_CXX_LIBRARY = "libc++";
				CLANG_ENABLE_MODULES = YES;
				CLANG_ENABLE_OBJC_ARC = YES;
				CLANG_WARN_BOOL_CONVERSION = YES;
				CLANG_WARN_CONSTANT_CONVERSION = YES;
				CLANG_WARN_DIRECT_OBJC_ISA_USAGE = YES_ERROR;
				CLANG_WARN_DOCUMENTATION_COMMENTS = YES;
				CLANG_WARN_EMPTY_BODY = YES;
				CLANG_WARN_ENUM_CONVERSION = YES;
				CLANG_WARN_INFINITE_RECURSION = YES;
				CLANG_WARN_INT_CONVERSION = YES;
				CLANG_WARN_OBJC_ROOT_CLASS = YES_ERROR;
				CLANG_WARN_SUSPICIOUS_MOVE = YES;
				CLANG_WARN_UNREACHABLE_CODE = YES;
				CLANG_WARN__DUPLICATE_METHOD_MATCH = YES;
				"CODE_SIGN_IDENTITY[sdk=iphoneos*]" = "iPhone Developer";
				COPY_PHASE_STRIP = NO;
				DEBUG_INFORMATION_FORMAT = "dwarf-with-dsym";
				ENABLE_NS_ASSERTIONS = NO;
				ENABLE_STRICT_OBJC_MSGSEND = YES;
				GCC_C_LANGUAGE_STANDARD = gnu99;
				GCC_NO_COMMON_BLOCKS = YES;
				GCC_WARN_64_TO_32_BIT_CONVERSION = YES;
				GCC_WARN_ABOUT_RETURN_TYPE = YES_ERROR;
				GCC_WARN_UNDECLARED_SELECTOR = YES;
				GCC_WARN_UNINITIALIZED_AUTOS = YES_AGGRESSIVE;
				GCC_WARN_UNUSED_FUNCTION = YES;
				GCC_WARN_UNUSED_VARIABLE = YES;
				IPHONEOS_DEPLOYMENT_TARGET = 10.3;
				MTL_ENABLE_DEBUG_INFO = NO;
				SDKROOT = iphoneos;
				SWIFT_OPTIMIZATION_LEVEL = "-Owholemodule";
				TARGETED_DEVICE_FAMILY = "1,2";
				VALIDATE_PRODUCT = YES;
			};
			name = Release;
		};
		B22088131F5B1348001D95FA /* Debug */ = {
			isa = XCBuildConfiguration;
			buildSettings = {
				ASSETCATALOG_COMPILER_APPICON_NAME = AppIcon;
				DEVELOPMENT_TEAM = 479S3P29WQ;
				INFOPLIST_FILE = customTabBar/Info.plist;
				LD_RUNPATH_SEARCH_PATHS = "$(inherited) @executable_path/Frameworks";
				PRODUCT_BUNDLE_IDENTIFIER = AVP.customTabBar;
				PRODUCT_NAME = "$(TARGET_NAME)";
				SWIFT_VERSION = 3.0;
			};
			name = Debug;
		};
		B22088141F5B1348001D95FA /* Release */ = {
			isa = XCBuildConfiguration;
			buildSettings = {
				ASSETCATALOG_COMPILER_APPICON_NAME = AppIcon;
				DEVELOPMENT_TEAM = 479S3P29WQ;
				INFOPLIST_FILE = customTabBar/Info.plist;
				LD_RUNPATH_SEARCH_PATHS = "$(inherited) @executable_path/Frameworks";
				PRODUCT_BUNDLE_IDENTIFIER = AVP.customTabBar;
				PRODUCT_NAME = "$(TARGET_NAME)";
				SWIFT_VERSION = 3.0;
			};
			name = Release;
		};
		B22088161F5B1348001D95FA /* Debug */ = {
			isa = XCBuildConfiguration;
			buildSettings = {
				ALWAYS_EMBED_SWIFT_STANDARD_LIBRARIES = YES;
				BUNDLE_LOADER = "$(TEST_HOST)";
				DEVELOPMENT_TEAM = 479S3P29WQ;
				INFOPLIST_FILE = customTabBarTests/Info.plist;
				LD_RUNPATH_SEARCH_PATHS = "$(inherited) @executable_path/Frameworks @loader_path/Frameworks";
				PRODUCT_BUNDLE_IDENTIFIER = AVP.customTabBarTests;
				PRODUCT_NAME = "$(TARGET_NAME)";
				SWIFT_VERSION = 3.0;
				TEST_HOST = "$(BUILT_PRODUCTS_DIR)/customTabBar.app/customTabBar";
			};
			name = Debug;
		};
		B22088171F5B1348001D95FA /* Release */ = {
			isa = XCBuildConfiguration;
			buildSettings = {
				ALWAYS_EMBED_SWIFT_STANDARD_LIBRARIES = YES;
				BUNDLE_LOADER = "$(TEST_HOST)";
				DEVELOPMENT_TEAM = 479S3P29WQ;
				INFOPLIST_FILE = customTabBarTests/Info.plist;
				LD_RUNPATH_SEARCH_PATHS = "$(inherited) @executable_path/Frameworks @loader_path/Frameworks";
				PRODUCT_BUNDLE_IDENTIFIER = AVP.customTabBarTests;
				PRODUCT_NAME = "$(TARGET_NAME)";
				SWIFT_VERSION = 3.0;
				TEST_HOST = "$(BUILT_PRODUCTS_DIR)/customTabBar.app/customTabBar";
			};
			name = Release;
		};
		B22088191F5B1348001D95FA /* Debug */ = {
			isa = XCBuildConfiguration;
			buildSettings = {
				ALWAYS_EMBED_SWIFT_STANDARD_LIBRARIES = YES;
				DEVELOPMENT_TEAM = 479S3P29WQ;
				INFOPLIST_FILE = customTabBarUITests/Info.plist;
				LD_RUNPATH_SEARCH_PATHS = "$(inherited) @executable_path/Frameworks @loader_path/Frameworks";
				PRODUCT_BUNDLE_IDENTIFIER = AVP.customTabBarUITests;
				PRODUCT_NAME = "$(TARGET_NAME)";
				SWIFT_VERSION = 3.0;
				TEST_TARGET_NAME = customTabBar;
			};
			name = Debug;
		};
		B220881A1F5B1348001D95FA /* Release */ = {
			isa = XCBuildConfiguration;
			buildSettings = {
				ALWAYS_EMBED_SWIFT_STANDARD_LIBRARIES = YES;
				DEVELOPMENT_TEAM = 479S3P29WQ;
				INFOPLIST_FILE = customTabBarUITests/Info.plist;
				LD_RUNPATH_SEARCH_PATHS = "$(inherited) @executable_path/Frameworks @loader_path/Frameworks";
				PRODUCT_BUNDLE_IDENTIFIER = AVP.customTabBarUITests;
				PRODUCT_NAME = "$(TARGET_NAME)";
				SWIFT_VERSION = 3.0;
				TEST_TARGET_NAME = customTabBar;
			};
			name = Release;
		};
/* End XCBuildConfiguration section */

/* Begin XCConfigurationList section */
		B22087E51F5B1347001D95FA /* Build configuration list for PBXProject "customTabBar" */ = {
			isa = XCConfigurationList;
			buildConfigurations = (
				B22088101F5B1348001D95FA /* Debug */,
				B22088111F5B1348001D95FA /* Release */,
			);
			defaultConfigurationIsVisible = 0;
			defaultConfigurationName = Release;
		};
		B22088121F5B1348001D95FA /* Build configuration list for PBXNativeTarget "customTabBar" */ = {
			isa = XCConfigurationList;
			buildConfigurations = (
				B22088131F5B1348001D95FA /* Debug */,
				B22088141F5B1348001D95FA /* Release */,
			);
			defaultConfigurationIsVisible = 0;
		};
		B22088151F5B1348001D95FA /* Build configuration list for PBXNativeTarget "customTabBarTests" */ = {
			isa = XCConfigurationList;
			buildConfigurations = (
				B22088161F5B1348001D95FA /* Debug */,
				B22088171F5B1348001D95FA /* Release */,
			);
			defaultConfigurationIsVisible = 0;
		};
		B22088181F5B1348001D95FA /* Build configuration list for PBXNativeTarget "customTabBarUITests" */ = {
			isa = XCConfigurationList;
			buildConfigurations = (
				B22088191F5B1348001D95FA /* Debug */,
				B220881A1F5B1348001D95FA /* Release */,
			);
			defaultConfigurationIsVisible = 0;
		};
/* End XCConfigurationList section */
	};
	rootObject = B22087E21F5B1347001D95FA /* Project object */;
}
